
Microsoft Visual Studio Solution File, Format Version 12.00
# Visual Studio Version 17
VisualStudioVersion = 17.0.31912.275
MinimumVisualStudioVersion = 10.0.40219.1
Project("{FAE04EC0-301F-11D3-BF4B-00C04F79EFBC}") = "Taschenrechner", "Taschenrechner.csproj", "{12804EAF-E1F5-42F4-BDF8-5C30E973EB6F}"
EndProject
Global
	GlobalSection(SolutionConfigurationPlatforms) = preSolution
		Debug|Any CPU = Debug|Any CPU
		Release|Any CPU = Release|Any CPU
	EndGlobalSection
	GlobalSection(ProjectConfigurationPlatforms) = postSolution
		{12804EAF-E1F5-42F4-BDF8-5C30E973EB6F}.Debug|Any CPU.ActiveCfg = Debug|Any CPU
		{12804EAF-E1F5-42F4-BDF8-5C30E973EB6F}.Debug|Any CPU.Build.0 = Debug|Any CPU
		{12804EAF-E1F5-42F4-BDF8-5C30E973EB6F}.Release|Any CPU.ActiveCfg = Release|Any CPU
		{12804EAF-E1F5-42F4-BDF8-5C30E973EB6F}.Release|Any CPU.Build.0 = Release|Any CPU
	EndGlobalSection
	GlobalSection(SolutionProperties) = preSolution
		HideSolutionNode = FALSE
	EndGlobalSection
	GlobalSection(ExtensibilityGlobals) = postSolution
		SolutionGuid = {C9419D91-3073-4325-9243-CEEBD276DD52}
	EndGlobalSection
EndGlobal
